// !$*UTF8*$!
{
	archiveVersion = 1;
	classes = {
	};
	objectVersion = 46;
	objects = {

/* Begin PBXBuildFile section */
		D6E406AD195AB94400612F1B /* AppDelegate.swift in Sources */ = {isa = PBXBuildFile; fileRef = D6E406AC195AB94400612F1B /* AppDelegate.swift */; };
		D6E406AF195AB94400612F1B /* ViewController.swift in Sources */ = {isa = PBXBuildFile; fileRef = D6E406AE195AB94400612F1B /* ViewController.swift */; };
		D6E406B2195AB94400612F1B /* Main.storyboard in Resources */ = {isa = PBXBuildFile; fileRef = D6E406B0195AB94400612F1B /* Main.storyboard */; };
		D6E406B4195AB94400612F1B /* Images.xcassets in Resources */ = {isa = PBXBuildFile; fileRef = D6E406B3195AB94400612F1B /* Images.xcassets */; };
		D6E406C0195AB94500612F1B /* swiftViewTests.swift in Sources */ = {isa = PBXBuildFile; fileRef = D6E406BF195AB94500612F1B /* swiftViewTests.swift */; };
/* End PBXBuildFile section */

/* Begin PBXContainerItemProxy section */
		D6E406BA195AB94500612F1B /* PBXContainerItemProxy */ = {
			isa = PBXContainerItemProxy;
			containerPortal = D6E4069F195AB94400612F1B /* Project object */;
			proxyType = 1;
			remoteGlobalIDString = D6E406A6195AB94400612F1B;
			remoteInfo = swiftView;
		};
/* End PBXContainerItemProxy section */

/* Begin PBXFileReference section */
		D6E406A7195AB94400612F1B /* swiftView.app */ = {isa = PBXFileReference; explicitFileType = wrapper.application; includeInIndex = 0; path = swiftView.app; sourceTree = BUILT_PRODUCTS_DIR; };
		D6E406AB195AB94400612F1B /* Info.plist */ = {isa = PBXFileReference; lastKnownFileType = text.plist.xml; path = Info.plist; sourceTree = "<group>"; };
		D6E406AC195AB94400612F1B /* AppDelegate.swift */ = {isa = PBXFileReference; lastKnownFileType = sourcecode.swift; path = AppDelegate.swift; sourceTree = "<group>"; };
		D6E406AE195AB94400612F1B /* ViewController.swift */ = {isa = PBXFileReference; lastKnownFileType = sourcecode.swift; path = ViewController.swift; sourceTree = "<group>"; };
		D6E406B1195AB94400612F1B /* Base */ = {isa = PBXFileReference; lastKnownFileType = file.storyboard; name = Base; path = Base.lproj/Main.storyboard; sourceTree = "<group>"; };
		D6E406B3195AB94400612F1B /* Images.xcassets */ = {isa = PBXFileReference; lastKnownFileType = folder.assetcatalog; path = Images.xcassets; sourceTree = "<group>"; };
		D6E406B9195AB94500612F1B /* swiftViewTests.xctest */ = {isa = PBXFileReference; explicitFileType = wrapper.cfbundle; includeInIndex = 0; path = swiftViewTests.xctest; sourceTree = BUILT_PRODUCTS_DIR; };
		D6E406BE195AB94500612F1B /* Info.plist */ = {isa = PBXFileReference; lastKnownFileType = text.plist.xml; path = Info.plist; sourceTree = "<group>"; };
		D6E406BF195AB94500612F1B /* swiftViewTests.swift */ = {isa = PBXFileReference; lastKnownFileType = sourcecode.swift; path = swiftViewTests.swift; sourceTree = "<group>"; };
/* End PBXFileReference section */

/* Begin PBXFrameworksBuildPhase section */
		D6E406A4195AB94400612F1B /* Frameworks */ = {
			isa = PBXFrameworksBuildPhase;
			buildActionMask = 2147483647;
			files = (
			);
			runOnlyForDeploymentPostprocessing = 0;
		};
		D6E406B6195AB94500612F1B /* Frameworks */ = {
			isa = PBXFrameworksBuildPhase;
			buildActionMask = 2147483647;
			files = (
			);
			runOnlyForDeploymentPostprocessing = 0;
		};
/* End PBXFrameworksBuildPhase section */

/* Begin PBXGroup section */
		D6E4069E195AB94400612F1B = {
			isa = PBXGroup;
			children = (
				D6E406A9195AB94400612F1B /* swiftView */,
				D6E406BC195AB94500612F1B /* swiftViewTests */,
				D6E406A8195AB94400612F1B /* Products */,
			);
			sourceTree = "<group>";
		};
		D6E406A8195AB94400612F1B /* Products */ = {
			isa = PBXGroup;
			children = (
				D6E406A7195AB94400612F1B /* swiftView.app */,
				D6E406B9195AB94500612F1B /* swiftViewTests.xctest */,
			);
			name = Products;
			sourceTree = "<group>";
		};
		D6E406A9195AB94400612F1B /* swiftView */ = {
			isa = PBXGroup;
			children = (
				D6E406AC195AB94400612F1B /* AppDelegate.swift */,
				D6E406AE195AB94400612F1B /* ViewController.swift */,
				D6E406B0195AB94400612F1B /* Main.storyboard */,
				D6E406B3195AB94400612F1B /* Images.xcassets */,
				D6E406AA195AB94400612F1B /* Supporting Files */,
			);
			path = swiftView;
			sourceTree = "<group>";
		};
		D6E406AA195AB94400612F1B /* Supporting Files */ = {
			isa = PBXGroup;
			children = (
				D6E406AB195AB94400612F1B /* Info.plist */,
			);
			name = "Supporting Files";
			sourceTree = "<group>";
		};
		D6E406BC195AB94500612F1B /* swiftViewTests */ = {
			isa = PBXGroup;
			children = (
				D6E406BF195AB94500612F1B /* swiftViewTests.swift */,
				D6E406BD195AB94500612F1B /* Supporting Files */,
			);
			path = swiftViewTests;
			sourceTree = "<group>";
		};
		D6E406BD195AB94500612F1B /* Supporting Files */ = {
			isa = PBXGroup;
			children = (
				D6E406BE195AB94500612F1B /* Info.plist */,
			);
			name = "Supporting Files";
			sourceTree = "<group>";
		};
/* End PBXGroup section */

/* Begin PBXNativeTarget section */
		D6E406A6195AB94400612F1B /* swiftView */ = {
			isa = PBXNativeTarget;
			buildConfigurationList = D6E406C3195AB94500612F1B /* Build configuration list for PBXNativeTarget "swiftView" */;
			buildPhases = (
				D6E406A3195AB94400612F1B /* Sources */,
				D6E406A4195AB94400612F1B /* Frameworks */,
				D6E406A5195AB94400612F1B /* Resources */,
			);
			buildRules = (
			);
			dependencies = (
			);
			name = swiftView;
			productName = swiftView;
			productReference = D6E406A7195AB94400612F1B /* swiftView.app */;
			productType = "com.apple.product-type.application";
		};
		D6E406B8195AB94500612F1B /* swiftViewTests */ = {
			isa = PBXNativeTarget;
			buildConfigurationList = D6E406C6195AB94500612F1B /* Build configuration list for PBXNativeTarget "swiftViewTests" */;
			buildPhases = (
				D6E406B5195AB94500612F1B /* Sources */,
				D6E406B6195AB94500612F1B /* Frameworks */,
				D6E406B7195AB94500612F1B /* Resources */,
			);
			buildRules = (
			);
			dependencies = (
				D6E406BB195AB94500612F1B /* PBXTargetDependency */,
			);
			name = swiftViewTests;
			productName = swiftViewTests;
			productReference = D6E406B9195AB94500612F1B /* swiftViewTests.xctest */;
			productType = "com.apple.product-type.bundle.unit-test";
		};
/* End PBXNativeTarget section */

/* Begin PBXProject section */
		D6E4069F195AB94400612F1B /* Project object */ = {
			isa = PBXProject;
			attributes = {
				LastUpgradeCheck = 0600;
				ORGANIZATIONNAME = Takobear;
				TargetAttributes = {
					D6E406A6195AB94400612F1B = {
						CreatedOnToolsVersion = 6.0;
					};
					D6E406B8195AB94500612F1B = {
						CreatedOnToolsVersion = 6.0;
						TestTargetID = D6E406A6195AB94400612F1B;
					};
				};
			};
			buildConfigurationList = D6E406A2195AB94400612F1B /* Build configuration list for PBXProject "swiftView" */;
			compatibilityVersion = "Xcode 3.2";
			developmentRegion = English;
			hasScannedForEncodings = 0;
			knownRegions = (
				en,
				Base,
			);
			mainGroup = D6E4069E195AB94400612F1B;
			productRefGroup = D6E406A8195AB94400612F1B /* Products */;
			projectDirPath = "";
			projectRoot = "";
			targets = (
				D6E406A6195AB94400612F1B /* swiftView */,
				D6E406B8195AB94500612F1B /* swiftViewTests */,
			);
		};
/* End PBXProject section */

/* Begin PBXResourcesBuildPhase section */
		D6E406A5195AB94400612F1B /* Resources */ = {
			isa = PBXResourcesBuildPhase;
			buildActionMask = 2147483647;
			files = (
				D6E406B2195AB94400612F1B /* Main.storyboard in Resources */,
				D6E406B4195AB94400612F1B /* Images.xcassets in Resources */,
			);
			runOnlyForDeploymentPostprocessing = 0;
		};
		D6E406B7195AB94500612F1B /* Resources */ = {
			isa = PBXResourcesBuildPhase;
			buildActionMask = 2147483647;
			files = (
			);
			runOnlyForDeploymentPostprocessing = 0;
		};
/* End PBXResourcesBuildPhase section */

/* Begin PBXSourcesBuildPhase section */
		D6E406A3195AB94400612F1B /* Sources */ = {
			isa = PBXSourcesBuildPhase;
			buildActionMask = 2147483647;
			files = (
				D6E406AF195AB94400612F1B /* ViewController.swift in Sources */,
				D6E406AD195AB94400612F1B /* AppDelegate.swift in Sources */,
			);
			runOnlyForDeploymentPostprocessing = 0;
		};
		D6E406B5195AB94500612F1B /* Sources */ = {
			isa = PBXSourcesBuildPhase;
			buildActionMask = 2147483647;
			files = (
				D6E406C0195AB94500612F1B /* swiftViewTests.swift in Sources */,
			);
			runOnlyForDeploymentPostprocessing = 0;
		};
/* End PBXSourcesBuildPhase section */

/* Begin PBXTargetDependency section */
		D6E406BB195AB94500612F1B /* PBXTargetDependency */ = {
			isa = PBXTargetDependency;
			target = D6E406A6195AB94400612F1B /* swiftView */;
			targetProxy = D6E406BA195AB94500612F1B /* PBXContainerItemProxy */;
		};
/* End PBXTargetDependency section */

/* Begin PBXVariantGroup section */
		D6E406B0195AB94400612F1B /* Main.storyboard */ = {
			isa = PBXVariantGroup;
			children = (
				D6E406B1195AB94400612F1B /* Base */,
			);
			name = Main.storyboard;
			sourceTree = "<group>";
		};
/* End PBXVariantGroup section */

/* Begin XCBuildConfiguration section */
		D6E406C1195AB94500612F1B /* Debug */ = {
			isa = XCBuildConfiguration;
			buildSettings = {
				ALWAYS_SEARCH_USER_PATHS = NO;
				CLANG_CXX_LANGUAGE_STANDARD = "gnu++0x";
				CLANG_CXX_LIBRARY = "libc++";
				CLANG_ENABLE_MODULES = YES;
				CLANG_ENABLE_OBJC_ARC = YES;
				CLANG_WARN_BOOL_CONVERSION = YES;
				CLANG_WARN_CONSTANT_CONVERSION = YES;
				CLANG_WARN_DIRECT_OBJC_ISA_USAGE = YES_ERROR;
				CLANG_WARN_EMPTY_BODY = YES;
				CLANG_WARN_ENUM_CONVERSION = YES;
				CLANG_WARN_INT_CONVERSION = YES;
				CLANG_WARN_OBJC_ROOT_CLASS = YES_ERROR;
				CLANG_WARN_UNREACHABLE_CODE = YES;
				CLANG_WARN__DUPLICATE_METHOD_MATCH = YES;
				"CODE_SIGN_IDENTITY[sdk=iphoneos*]" = "iPhone Developer";
				COPY_PHASE_STRIP = NO;
				ENABLE_STRICT_OBJC_MSGSEND = YES;
				GCC_C_LANGUAGE_STANDARD = gnu99;
				GCC_DYNAMIC_NO_PIC = NO;
				GCC_OPTIMIZATION_LEVEL = 0;
				GCC_PREPROCESSOR_DEFINITIONS = (
					"DEBUG=1",
					"$(inherited)",
				);
				GCC_SYMBOLS_PRIVATE_EXTERN = NO;
				GCC_WARN_64_TO_32_BIT_CONVERSION = YES;
				GCC_WARN_ABOUT_RETURN_TYPE = YES_ERROR;
				GCC_WARN_UNDECLARED_SELECTOR = YES;
				GCC_WARN_UNINITIALIZED_AUTOS = YES_AGGRESSIVE;
				GCC_WARN_UNUSED_FUNCTION = YES;
				GCC_WARN_UNUSED_VARIABLE = YES;
				IPHONEOS_DEPLOYMENT_TARGET = 8.0;
				METAL_ENABLE_DEBUG_INFO = YES;
				ONLY_ACTIVE_ARCH = YES;
				SDKROOT = iphoneos;
				SWIFT_OPTIMIZATION_LEVEL = "-Onone";
				TARGETED_DEVICE_FAMILY = "1,2";
			};
			name = Debug;
		};
		D6E406C2195AB94500612F1B /* Release */ = {
			isa = XCBuildConfiguration;
			buildSettings = {
				ALWAYS_SEARCH_USER_PATHS = NO;
				CLANG_CXX_LANGUAGE_STANDARD = "gnu++0x";
				CLANG_CXX_LIBRARY = "libc++";
				CLANG_ENABLE_MODULES = YES;
				CLANG_ENABLE_OBJC_ARC = YES;
				CLANG_WARN_BOOL_CONVERSION = YES;
				CLANG_WARN_CONSTANT_CONVERSION = YES;
				CLANG_WARN_DIRECT_OBJC_ISA_USAGE = YES_ERROR;
				CLANG_WARN_EMPTY_BODY = YES;
				CLANG_WARN_ENUM_CONVERSION = YES;
				CLANG_WARN_INT_CONVERSION = YES;
				CLANG_WARN_OBJC_ROOT_CLASS = YES_ERROR;
				CLANG_WARN_UNREACHABLE_CODE = YES;
				CLANG_WARN__DUPLICATE_METHOD_MATCH = YES;
				"CODE_SIGN_IDENTITY[sdk=iphoneos*]" = "iPhone Developer";
				COPY_PHASE_STRIP = YES;
				ENABLE_NS_ASSERTIONS = NO;
				ENABLE_STRICT_OBJC_MSGSEND = YES;
				GCC_C_LANGUAGE_STANDARD = gnu99;
				GCC_WARN_64_TO_32_BIT_CONVERSION = YES;
				GCC_WARN_ABOUT_RETURN_TYPE = YES_ERROR;
				GCC_WARN_UNDECLARED_SELECTOR = YES;
				GCC_WARN_UNINITIALIZED_AUTOS = YES_AGGRESSIVE;
				GCC_WARN_UNUSED_FUNCTION = YES;
				GCC_WARN_UNUSED_VARIABLE = YES;
				IPHONEOS_DEPLOYMENT_TARGET = 8.0;
				METAL_ENABLE_DEBUG_INFO = NO;
				SDKROOT = iphoneos;
				TARGETED_DEVICE_FAMILY = "1,2";
				VALIDATE_PRODUCT = YES;
			};
			name = Release;
		};
		D6E406C4195AB94500612F1B /* Debug */ = {
			isa = XCBuildConfiguration;
			buildSettings = {
				ASSETCATALOG_COMPILER_APPICON_NAME = AppIcon;
				ASSETCATALOG_COMPILER_LAUNCHIMAGE_NAME = LaunchImage;
				INFOPLIST_FILE = swiftView/Info.plist;
				LD_RUNPATH_SEARCH_PATHS = "$(inherited) @executable_path/Frameworks";
				PRODUCT_NAME = "$(TARGET_NAME)";
			};
			name = Debug;
		};
		D6E406C5195AB94500612F1B /* Release */ = {
			isa = XCBuildConfiguration;
			buildSettings = {
				ASSETCATALOG_COMPILER_APPICON_NAME = AppIcon;
				ASSETCATALOG_COMPILER_LAUNCHIMAGE_NAME = LaunchImage;
				INFOPLIST_FILE = swiftView/Info.plist;
				LD_RUNPATH_SEARCH_PATHS = "$(inherited) @executable_path/Frameworks";
				PRODUCT_NAME = "$(TARGET_NAME)";
			};
			name = Release;
		};
		D6E406C7195AB94500612F1B /* Debug */ = {
			isa = XCBuildConfiguration;
			buildSettings = {
				BUNDLE_LOADER = "$(BUILT_PRODUCTS_DIR)/swiftView.app/swiftView";
				FRAMEWORK_SEARCH_PATHS = (
					"$(SDKROOT)/Developer/Library/Frameworks",
					"$(inherited)",
				);
				GCC_PREPROCESSOR_DEFINITIONS = (
					"DEBUG=1",
					"$(inherited)",
				);
				INFOPLIST_FILE = swiftViewTests/Info.plist;
				LD_RUNPATH_SEARCH_PATHS = "$(inherited) @executable_path/Frameworks @loader_path/Frameworks";
				METAL_ENABLE_DEBUG_INFO = YES;
				PRODUCT_NAME = "$(TARGET_NAME)";
				TEST_HOST = "$(BUNDLE_LOADER)";
			};
			name = Debug;
		};
		D6E406C8195AB94500612F1B /* Release */ = {
			isa = XCBuildConfiguration;
			buildSettings = {
				BUNDLE_LOADER = "$(BUILT_PRODUCTS_DIR)/swiftView.app/swiftView";
				FRAMEWORK_SEARCH_PATHS = (
					"$(SDKROOT)/Developer/Library/Frameworks",
					"$(inherited)",
				);
				INFOPLIST_FILE = swiftViewTests/Info.plist;
				LD_RUNPATH_SEARCH_PATHS = "$(inherited) @executable_path/Frameworks @loader_path/Frameworks";
				METAL_ENABLE_DEBUG_INFO = NO;
				PRODUCT_NAME = "$(TARGET_NAME)";
				TEST_HOST = "$(BUNDLE_LOADER)";
			};
			name = Release;
		};
/* End XCBuildConfiguration section */

/* Begin XCConfigurationList section */
		D6E406A2195AB94400612F1B /* Build configuration list for PBXProject "swiftView" */ = {
			isa = XCConfigurationList;
			buildConfigurations = (
				D6E406C1195AB94500612F1B /* Debug */,
				D6E406C2195AB94500612F1B /* Release */,
			);
			defaultConfigurationIsVisible = 0;
			defaultConfigurationName = Release;
		};
		D6E406C3195AB94500612F1B /* Build configuration list for PBXNativeTarget "swiftView" */ = {
			isa = XCConfigurationList;
			buildConfigurations = (
				D6E406C4195AB94500612F1B /* Debug */,
				D6E406C5195AB94500612F1B /* Release */,
			);
			defaultConfigurationIsVisible = 0;
		};
		D6E406C6195AB94500612F1B /* Build configuration list for PBXNativeTarget "swiftViewTests" */ = {
			isa = XCConfigurationList;
			buildConfigurations = (
				D6E406C7195AB94500612F1B /* Debug */,
				D6E406C8195AB94500612F1B /* Release */,
			);
			defaultConfigurationIsVisible = 0;
		};
/* End XCConfigurationList section */
	};
	rootObject = D6E4069F195AB94400612F1B /* Project object */;
}
